{
  "name": "finance-brd-training",
  "lockfileVersion": 3,
  "requires": true,
  "packages": {
    "": {
      "name": "finance-brd-training",
      "dependencies": {
        "class-ai-agent": "^1.6.5"
      }
    },
    "node_modules/class-ai-agent": {
      "version": "1.6.5",
      "resolved": "https://registry.npmjs.org/class-ai-agent/-/class-ai-agent-1.6.5.tgz",
      "integrity": "sha512-BomOKV3JQ0xaGJWE3I0hcN3CJ5OiiW+DbALnw3qRVY3Xh/HnsWpZ0AttDyjutnkP25lLedFC9zYDyJo3XrEi1Q==",
      "license": "MIT",
      "bin": {
        "class-ai-agent": "bin/class-ai-agent.cjs"
      },
      "engines": {
        "node": ">=16.7.0"
      }
    }
  }
}
